
Microsoft Visual Studio Solution File, Format Version 12.00
# Visual Studio Version 16
VisualStudioVersion = 16.0.30002.166
MinimumVisualStudioVersion = 10.0.40219.1
Project("{FAE04EC0-301F-11D3-BF4B-00C04F79EFBC}") = "HelloConsole", "HelloConsole\HelloConsole.csproj", "{DA675CA1-1C28-474E-A1CC-43008A9673AE}"
EndProject
Global
	GlobalSection(SolutionConfigurationPlatforms) = preSolution
		Debug|Any CPU = Debug|Any CPU
		Release|Any CPU = Release|Any CPU
	EndGlobalSection
	GlobalSection(ProjectConfigurationPlatforms) = postSolution
		{DA675CA1-1C28-474E-A1CC-43008A9673AE}.Debug|Any CPU.ActiveCfg = Debug|Any CPU
		{DA675CA1-1C28-474E-A1CC-43008A9673AE}.Debug|Any CPU.Build.0 = Debug|Any CPU
		{DA675CA1-1C28-474E-A1CC-43008A9673AE}.Release|Any CPU.ActiveCfg = Release|Any CPU
		{DA675CA1-1C28-474E-A1CC-43008A9673AE}.Release|Any CPU.Build.0 = Release|Any CPU
	EndGlobalSection
	GlobalSection(SolutionProperties) = preSolution
		HideSolutionNode = FALSE
	EndGlobalSection
	GlobalSection(ExtensibilityGlobals) = postSolution
		SolutionGuid = {E6CDCBF7-81A5-4BCF-BD3B-BE54696776D8}
	EndGlobalSection
EndGlobal
